
Microsoft Visual Studio Solution File, Format Version 12.00
# Visual Studio Version 16
VisualStudioVersion = 16.0.31410.357
MinimumVisualStudioVersion = 10.0.40219.1
Project("{FAE04EC0-301F-11D3-BF4B-00C04F79EFBC}") = "EXE_PABD", "EXE_PABD\EXE_PABD.csproj", "{F1D42260-89FC-4510-AF74-62079093B4A4}"
EndProject
Global
	GlobalSection(SolutionConfigurationPlatforms) = preSolution
		Debug|Any CPU = Debug|Any CPU
		Release|Any CPU = Release|Any CPU
	EndGlobalSection
	GlobalSection(ProjectConfigurationPlatforms) = postSolution
		{F1D42260-89FC-4510-AF74-62079093B4A4}.Debug|Any CPU.ActiveCfg = Debug|Any CPU
		{F1D42260-89FC-4510-AF74-62079093B4A4}.Debug|Any CPU.Build.0 = Debug|Any CPU
		{F1D42260-89FC-4510-AF74-62079093B4A4}.Release|Any CPU.ActiveCfg = Release|Any CPU
		{F1D42260-89FC-4510-AF74-62079093B4A4}.Release|Any CPU.Build.0 = Release|Any CPU
	EndGlobalSection
	GlobalSection(SolutionProperties) = preSolution
		HideSolutionNode = FALSE
	EndGlobalSection
	GlobalSection(ExtensibilityGlobals) = postSolution
		SolutionGuid = {B7D62FBA-3426-4EF6-8866-66C692ABED20}
	EndGlobalSection
EndGlobal
